// !$*UTF8*$!
{
	archiveVersion = 1;
	classes = {
	};
	objectVersion = 46;
	objects = {

/* Begin PBXBuildFile section */
		F9B0800219146BAA00BEBA7B /* Foundation.framework in Frameworks */ = {isa = PBXBuildFile; fileRef = F9B0800119146BAA00BEBA7B /* Foundation.framework */; };
		F9B0800419146BAA00BEBA7B /* CoreGraphics.framework in Frameworks */ = {isa = PBXBuildFile; fileRef = F9B0800319146BAA00BEBA7B /* CoreGraphics.framework */; };
		F9B0800619146BAA00BEBA7B /* UIKit.framework in Frameworks */ = {isa = PBXBuildFile; fileRef = F9B0800519146BAA00BEBA7B /* UIKit.framework */; };
		F9B0800C19146BAA00BEBA7B /* InfoPlist.strings in Resources */ = {isa = PBXBuildFile; fileRef = F9B0800A19146BAA00BEBA7B /* InfoPlist.strings */; };
		F9B0800E19146BAA00BEBA7B /* main.m in Sources */ = {isa = PBXBuildFile; fileRef = F9B0800D19146BAA00BEBA7B /* main.m */; };
		F9B0801219146BAA00BEBA7B /* eduAppDelegate.m in Sources */ = {isa = PBXBuildFile; fileRef = F9B0801119146BAA00BEBA7B /* eduAppDelegate.m */; };
		F9B0801419146BAA00BEBA7B /* Images.xcassets in Resources */ = {isa = PBXBuildFile; fileRef = F9B0801319146BAA00BEBA7B /* Images.xcassets */; };
		F9B0801B19146BAA00BEBA7B /* XCTest.framework in Frameworks */ = {isa = PBXBuildFile; fileRef = F9B0801A19146BAA00BEBA7B /* XCTest.framework */; };
		F9B0801C19146BAA00BEBA7B /* Foundation.framework in Frameworks */ = {isa = PBXBuildFile; fileRef = F9B0800119146BAA00BEBA7B /* Foundation.framework */; };
		F9B0801D19146BAA00BEBA7B /* UIKit.framework in Frameworks */ = {isa = PBXBuildFile; fileRef = F9B0800519146BAA00BEBA7B /* UIKit.framework */; };
		F9B0802519146BAA00BEBA7B /* InfoPlist.strings in Resources */ = {isa = PBXBuildFile; fileRef = F9B0802319146BAA00BEBA7B /* InfoPlist.strings */; };
		F9B0802719146BAA00BEBA7B /* Hello_WorldTests.m in Sources */ = {isa = PBXBuildFile; fileRef = F9B0802619146BAA00BEBA7B /* Hello_WorldTests.m */; };
/* End PBXBuildFile section */

/* Begin PBXContainerItemProxy section */
		F9B0801E19146BAA00BEBA7B /* PBXContainerItemProxy */ = {
			isa = PBXContainerItemProxy;
			containerPortal = F9B07FF619146BAA00BEBA7B /* Project object */;
			proxyType = 1;
			remoteGlobalIDString = F9B07FFD19146BAA00BEBA7B;
			remoteInfo = "Hello World";
		};
/* End PBXContainerItemProxy section */

/* Begin PBXFileReference section */
		F9B07FFE19146BAA00BEBA7B /* Hello World.app */ = {isa = PBXFileReference; explicitFileType = wrapper.application; includeInIndex = 0; path = "Hello World.app"; sourceTree = BUILT_PRODUCTS_DIR; };
		F9B0800119146BAA00BEBA7B /* Foundation.framework */ = {isa = PBXFileReference; lastKnownFileType = wrapper.framework; name = Foundation.framework; path = System/Library/Frameworks/Foundation.framework; sourceTree = SDKROOT; };
		F9B0800319146BAA00BEBA7B /* CoreGraphics.framework */ = {isa = PBXFileReference; lastKnownFileType = wrapper.framework; name = CoreGraphics.framework; path = System/Library/Frameworks/CoreGraphics.framework; sourceTree = SDKROOT; };
		F9B0800519146BAA00BEBA7B /* UIKit.framework */ = {isa = PBXFileReference; lastKnownFileType = wrapper.framework; name = UIKit.framework; path = System/Library/Frameworks/UIKit.framework; sourceTree = SDKROOT; };
		F9B0800919146BAA00BEBA7B /* Hello World-Info.plist */ = {isa = PBXFileReference; lastKnownFileType = text.plist.xml; path = "Hello World-Info.plist"; sourceTree = "<group>"; };
		F9B0800B19146BAA00BEBA7B /* en */ = {isa = PBXFileReference; lastKnownFileType = text.plist.strings; name = en; path = en.lproj/InfoPlist.strings; sourceTree = "<group>"; };
		F9B0800D19146BAA00BEBA7B /* main.m */ = {isa = PBXFileReference; lastKnownFileType = sourcecode.c.objc; path = main.m; sourceTree = "<group>"; };
		F9B0800F19146BAA00BEBA7B /* Hello World-Prefix.pch */ = {isa = PBXFileReference; lastKnownFileType = sourcecode.c.h; path = "Hello World-Prefix.pch"; sourceTree = "<group>"; };
		F9B0801019146BAA00BEBA7B /* eduAppDelegate.h */ = {isa = PBXFileReference; lastKnownFileType = sourcecode.c.h; path = eduAppDelegate.h; sourceTree = "<group>"; };
		F9B0801119146BAA00BEBA7B /* eduAppDelegate.m */ = {isa = PBXFileReference; lastKnownFileType = sourcecode.c.objc; path = eduAppDelegate.m; sourceTree = "<group>"; };
		F9B0801319146BAA00BEBA7B /* Images.xcassets */ = {isa = PBXFileReference; lastKnownFileType = folder.assetcatalog; path = Images.xcassets; sourceTree = "<group>"; };
		F9B0801919146BAA00BEBA7B /* Hello WorldTests.xctest */ = {isa = PBXFileReference; explicitFileType = wrapper.cfbundle; includeInIndex = 0; path = "Hello WorldTests.xctest"; sourceTree = BUILT_PRODUCTS_DIR; };
		F9B0801A19146BAA00BEBA7B /* XCTest.framework */ = {isa = PBXFileReference; lastKnownFileType = wrapper.framework; name = XCTest.framework; path = Library/Frameworks/XCTest.framework; sourceTree = DEVELOPER_DIR; };
		F9B0802219146BAA00BEBA7B /* Hello WorldTests-Info.plist */ = {isa = PBXFileReference; lastKnownFileType = text.plist.xml; path = "Hello WorldTests-Info.plist"; sourceTree = "<group>"; };
		F9B0802419146BAA00BEBA7B /* en */ = {isa = PBXFileReference; lastKnownFileType = text.plist.strings; name = en; path = en.lproj/InfoPlist.strings; sourceTree = "<group>"; };
		F9B0802619146BAA00BEBA7B /* Hello_WorldTests.m */ = {isa = PBXFileReference; lastKnownFileType = sourcecode.c.objc; path = Hello_WorldTests.m; sourceTree = "<group>"; };
/* End PBXFileReference section */

/* Begin PBXFrameworksBuildPhase section */
		F9B07FFB19146BAA00BEBA7B /* Frameworks */ = {
			isa = PBXFrameworksBuildPhase;
			buildActionMask = 2147483647;
			files = (
				F9B0800419146BAA00BEBA7B /* CoreGraphics.framework in Frameworks */,
				F9B0800619146BAA00BEBA7B /* UIKit.framework in Frameworks */,
				F9B0800219146BAA00BEBA7B /* Foundation.framework in Frameworks */,
			);
			runOnlyForDeploymentPostprocessing = 0;
		};
		F9B0801619146BAA00BEBA7B /* Frameworks */ = {
			isa = PBXFrameworksBuildPhase;
			buildActionMask = 2147483647;
			files = (
				F9B0801B19146BAA00BEBA7B /* XCTest.framework in Frameworks */,
				F9B0801D19146BAA00BEBA7B /* UIKit.framework in Frameworks */,
				F9B0801C19146BAA00BEBA7B /* Foundation.framework in Frameworks */,
			);
			runOnlyForDeploymentPostprocessing = 0;
		};
/* End PBXFrameworksBuildPhase section */

/* Begin PBXGroup section */
		F9B07FF519146BAA00BEBA7B = {
			isa = PBXGroup;
			children = (
				F9B0800719146BAA00BEBA7B /* Hello World */,
				F9B0802019146BAA00BEBA7B /* Hello WorldTests */,
				F9B0800019146BAA00BEBA7B /* Frameworks */,
				F9B07FFF19146BAA00BEBA7B /* Products */,
			);
			sourceTree = "<group>";
		};
		F9B07FFF19146BAA00BEBA7B /* Products */ = {
			isa = PBXGroup;
			children = (
				F9B07FFE19146BAA00BEBA7B /* Hello World.app */,
				F9B0801919146BAA00BEBA7B /* Hello WorldTests.xctest */,
			);
			name = Products;
			sourceTree = "<group>";
		};
		F9B0800019146BAA00BEBA7B /* Frameworks */ = {
			isa = PBXGroup;
			children = (
				F9B0800119146BAA00BEBA7B /* Foundation.framework */,
				F9B0800319146BAA00BEBA7B /* CoreGraphics.framework */,
				F9B0800519146BAA00BEBA7B /* UIKit.framework */,
				F9B0801A19146BAA00BEBA7B /* XCTest.framework */,
			);
			name = Frameworks;
			sourceTree = "<group>";
		};
		F9B0800719146BAA00BEBA7B /* Hello World */ = {
			isa = PBXGroup;
			children = (
				F9B0801019146BAA00BEBA7B /* eduAppDelegate.h */,
				F9B0801119146BAA00BEBA7B /* eduAppDelegate.m */,
				F9B0801319146BAA00BEBA7B /* Images.xcassets */,
				F9B0800819146BAA00BEBA7B /* Supporting Files */,
			);
			path = "Hello World";
			sourceTree = "<group>";
		};
		F9B0800819146BAA00BEBA7B /* Supporting Files */ = {
			isa = PBXGroup;
			children = (
				F9B0800919146BAA00BEBA7B /* Hello World-Info.plist */,
				F9B0800A19146BAA00BEBA7B /* InfoPlist.strings */,
				F9B0800D19146BAA00BEBA7B /* main.m */,
				F9B0800F19146BAA00BEBA7B /* Hello World-Prefix.pch */,
			);
			name = "Supporting Files";
			sourceTree = "<group>";
		};
		F9B0802019146BAA00BEBA7B /* Hello WorldTests */ = {
			isa = PBXGroup;
			children = (
				F9B0802619146BAA00BEBA7B /* Hello_WorldTests.m */,
				F9B0802119146BAA00BEBA7B /* Supporting Files */,
			);
			path = "Hello WorldTests";
			sourceTree = "<group>";
		};
		F9B0802119146BAA00BEBA7B /* Supporting Files */ = {
			isa = PBXGroup;
			children = (
				F9B0802219146BAA00BEBA7B /* Hello WorldTests-Info.plist */,
				F9B0802319146BAA00BEBA7B /* InfoPlist.strings */,
			);
			name = "Supporting Files";
			sourceTree = "<group>";
		};
/* End PBXGroup section */

/* Begin PBXNativeTarget section */
		F9B07FFD19146BAA00BEBA7B /* Hello World */ = {
			isa = PBXNativeTarget;
			buildConfigurationList = F9B0802A19146BAA00BEBA7B /* Build configuration list for PBXNativeTarget "Hello World" */;
			buildPhases = (
				F9B07FFA19146BAA00BEBA7B /* Sources */,
				F9B07FFB19146BAA00BEBA7B /* Frameworks */,
				F9B07FFC19146BAA00BEBA7B /* Resources */,
			);
			buildRules = (
			);
			dependencies = (
			);
			name = "Hello World";
			productName = "Hello World";
			productReference = F9B07FFE19146BAA00BEBA7B /* Hello World.app */;
			productType = "com.apple.product-type.application";
		};
		F9B0801819146BAA00BEBA7B /* Hello WorldTests */ = {
			isa = PBXNativeTarget;
			buildConfigurationList = F9B0802D19146BAA00BEBA7B /* Build configuration list for PBXNativeTarget "Hello WorldTests" */;
			buildPhases = (
				F9B0801519146BAA00BEBA7B /* Sources */,
				F9B0801619146BAA00BEBA7B /* Frameworks */,
				F9B0801719146BAA00BEBA7B /* Resources */,
			);
			buildRules = (
			);
			dependencies = (
				F9B0801F19146BAA00BEBA7B /* PBXTargetDependency */,
			);
			name = "Hello WorldTests";
			productName = "Hello WorldTests";
			productReference = F9B0801919146BAA00BEBA7B /* Hello WorldTests.xctest */;
			productType = "com.apple.product-type.bundle.unit-test";
		};
/* End PBXNativeTarget section */

/* Begin PBXProject section */
		F9B07FF619146BAA00BEBA7B /* Project object */ = {
			isa = PBXProject;
			attributes = {
				CLASSPREFIX = edu;
				LastUpgradeCheck = 0510;
				ORGANIZATIONNAME = "___FULLUSERNAME___";
				TargetAttributes = {
					F9B0801819146BAA00BEBA7B = {
						TestTargetID = F9B07FFD19146BAA00BEBA7B;
					};
				};
			};
			buildConfigurationList = F9B07FF919146BAA00BEBA7B /* Build configuration list for PBXProject "Hello World" */;
			compatibilityVersion = "Xcode 3.2";
			developmentRegion = English;
			hasScannedForEncodings = 0;
			knownRegions = (
				en,
			);
			mainGroup = F9B07FF519146BAA00BEBA7B;
			productRefGroup = F9B07FFF19146BAA00BEBA7B /* Products */;
			projectDirPath = "";
			projectRoot = "";
			targets = (
				F9B07FFD19146BAA00BEBA7B /* Hello World */,
				F9B0801819146BAA00BEBA7B /* Hello WorldTests */,
			);
		};
/* End PBXProject section */

/* Begin PBXResourcesBuildPhase section */
		F9B07FFC19146BAA00BEBA7B /* Resources */ = {
			isa = PBXResourcesBuildPhase;
			buildActionMask = 2147483647;
			files = (
				F9B0800C19146BAA00BEBA7B /* InfoPlist.strings in Resources */,
				F9B0801419146BAA00BEBA7B /* Images.xcassets in Resources */,
			);
			runOnlyForDeploymentPostprocessing = 0;
		};
		F9B0801719146BAA00BEBA7B /* Resources */ = {
			isa = PBXResourcesBuildPhase;
			buildActionMask = 2147483647;
			files = (
				F9B0802519146BAA00BEBA7B /* InfoPlist.strings in Resources */,
			);
			runOnlyForDeploymentPostprocessing = 0;
		};
/* End PBXResourcesBuildPhase section */

/* Begin PBXSourcesBuildPhase section */
		F9B07FFA19146BAA00BEBA7B /* Sources */ = {
			isa = PBXSourcesBuildPhase;
			buildActionMask = 2147483647;
			files = (
				F9B0800E19146BAA00BEBA7B /* main.m in Sources */,
				F9B0801219146BAA00BEBA7B /* eduAppDelegate.m in Sources */,
			);
			runOnlyForDeploymentPostprocessing = 0;
		};
		F9B0801519146BAA00BEBA7B /* Sources */ = {
			isa = PBXSourcesBuildPhase;
			buildActionMask = 2147483647;
			files = (
				F9B0802719146BAA00BEBA7B /* Hello_WorldTests.m in Sources */,
			);
			runOnlyForDeploymentPostprocessing = 0;
		};
/* End PBXSourcesBuildPhase section */

/* Begin PBXTargetDependency section */
		F9B0801F19146BAA00BEBA7B /* PBXTargetDependency */ = {
			isa = PBXTargetDependency;
			target = F9B07FFD19146BAA00BEBA7B /* Hello World */;
			targetProxy = F9B0801E19146BAA00BEBA7B /* PBXContainerItemProxy */;
		};
/* End PBXTargetDependency section */

/* Begin PBXVariantGroup section */
		F9B0800A19146BAA00BEBA7B /* InfoPlist.strings */ = {
			isa = PBXVariantGroup;
			children = (
				F9B0800B19146BAA00BEBA7B /* en */,
			);
			name = InfoPlist.strings;
			sourceTree = "<group>";
		};
		F9B0802319146BAA00BEBA7B /* InfoPlist.strings */ = {
			isa = PBXVariantGroup;
			children = (
				F9B0802419146BAA00BEBA7B /* en */,
			);
			name = InfoPlist.strings;
			sourceTree = "<group>";
		};
/* End PBXVariantGroup section */

/* Begin XCBuildConfiguration section */
		F9B0802819146BAA00BEBA7B /* Debug */ = {
			isa = XCBuildConfiguration;
			buildSettings = {
				ALWAYS_SEARCH_USER_PATHS = NO;
				CLANG_CXX_LANGUAGE_STANDARD = "gnu++0x";
				CLANG_CXX_LIBRARY = "libc++";
				CLANG_ENABLE_MODULES = YES;
				CLANG_ENABLE_OBJC_ARC = YES;
				CLANG_WARN_BOOL_CONVERSION = YES;
				CLANG_WARN_CONSTANT_CONVERSION = YES;
				CLANG_WARN_DIRECT_OBJC_ISA_USAGE = YES_ERROR;
				CLANG_WARN_EMPTY_BODY = YES;
				CLANG_WARN_ENUM_CONVERSION = YES;
				CLANG_WARN_INT_CONVERSION = YES;
				CLANG_WARN_OBJC_ROOT_CLASS = YES_ERROR;
				CLANG_WARN__DUPLICATE_METHOD_MATCH = YES;
				"CODE_SIGN_IDENTITY[sdk=iphoneos*]" = "iPhone Developer";
				COPY_PHASE_STRIP = NO;
				GCC_C_LANGUAGE_STANDARD = gnu99;
				GCC_DYNAMIC_NO_PIC = NO;
				GCC_OPTIMIZATION_LEVEL = 0;
				GCC_PREPROCESSOR_DEFINITIONS = (
					"DEBUG=1",
					"$(inherited)",
				);
				GCC_SYMBOLS_PRIVATE_EXTERN = NO;
				GCC_WARN_64_TO_32_BIT_CONVERSION = YES;
				GCC_WARN_ABOUT_RETURN_TYPE = YES_ERROR;
				GCC_WARN_UNDECLARED_SELECTOR = YES;
				GCC_WARN_UNINITIALIZED_AUTOS = YES_AGGRESSIVE;
				GCC_WARN_UNUSED_FUNCTION = YES;
				GCC_WARN_UNUSED_VARIABLE = YES;
				IPHONEOS_DEPLOYMENT_TARGET = 7.1;
				ONLY_ACTIVE_ARCH = YES;
				SDKROOT = iphoneos;
			};
			name = Debug;
		};
		F9B0802919146BAA00BEBA7B /* Release */ = {
			isa = XCBuildConfiguration;
			buildSettings = {
				ALWAYS_SEARCH_USER_PATHS = NO;
				CLANG_CXX_LANGUAGE_STANDARD = "gnu++0x";
				CLANG_CXX_LIBRARY = "libc++";
				CLANG_ENABLE_MODULES = YES;
				CLANG_ENABLE_OBJC_ARC = YES;
				CLANG_WARN_BOOL_CONVERSION = YES;
				CLANG_WARN_CONSTANT_CONVERSION = YES;
				CLANG_WARN_DIRECT_OBJC_ISA_USAGE = YES_ERROR;
				CLANG_WARN_EMPTY_BODY = YES;
				CLANG_WARN_ENUM_CONVERSION = YES;
				CLANG_WARN_INT_CONVERSION = YES;
				CLANG_WARN_OBJC_ROOT_CLASS = YES_ERROR;
				CLANG_WARN__DUPLICATE_METHOD_MATCH = YES;
				"CODE_SIGN_IDENTITY[sdk=iphoneos*]" = "iPhone Developer";
				COPY_PHASE_STRIP = YES;
				ENABLE_NS_ASSERTIONS = NO;
				GCC_C_LANGUAGE_STANDARD = gnu99;
				GCC_WARN_64_TO_32_BIT_CONVERSION = YES;
				GCC_WARN_ABOUT_RETURN_TYPE = YES_ERROR;
				GCC_WARN_UNDECLARED_SELECTOR = YES;
				GCC_WARN_UNINITIALIZED_AUTOS = YES_AGGRESSIVE;
				GCC_WARN_UNUSED_FUNCTION = YES;
				GCC_WARN_UNUSED_VARIABLE = YES;
				IPHONEOS_DEPLOYMENT_TARGET = 7.1;
				SDKROOT = iphoneos;
				VALIDATE_PRODUCT = YES;
			};
			name = Release;
		};
		F9B0802B19146BAA00BEBA7B /* Debug */ = {
			isa = XCBuildConfiguration;
			buildSettings = {
				ASSETCATALOG_COMPILER_APPICON_NAME = AppIcon;
				ASSETCATALOG_COMPILER_LAUNCHIMAGE_NAME = LaunchImage;
				GCC_PRECOMPILE_PREFIX_HEADER = YES;
				GCC_PREFIX_HEADER = "Hello World/Hello World-Prefix.pch";
				INFOPLIST_FILE = "Hello World/Hello World-Info.plist";
				PRODUCT_NAME = "$(TARGET_NAME)";
				WRAPPER_EXTENSION = app;
			};
			name = Debug;
		};
		F9B0802C19146BAA00BEBA7B /* Release */ = {
			isa = XCBuildConfiguration;
			buildSettings = {
				ASSETCATALOG_COMPILER_APPICON_NAME = AppIcon;
				ASSETCATALOG_COMPILER_LAUNCHIMAGE_NAME = LaunchImage;
				GCC_PRECOMPILE_PREFIX_HEADER = YES;
				GCC_PREFIX_HEADER = "Hello World/Hello World-Prefix.pch";
				INFOPLIST_FILE = "Hello World/Hello World-Info.plist";
				PRODUCT_NAME = "$(TARGET_NAME)";
				WRAPPER_EXTENSION = app;
			};
			name = Release;
		};
		F9B0802E19146BAA00BEBA7B /* Debug */ = {
			isa = XCBuildConfiguration;
			buildSettings = {
				BUNDLE_LOADER = "$(BUILT_PRODUCTS_DIR)/Hello World.app/Hello World";
				FRAMEWORK_SEARCH_PATHS = (
					"$(SDKROOT)/Developer/Library/Frameworks",
					"$(inherited)",
					"$(DEVELOPER_FRAMEWORKS_DIR)",
				);
				GCC_PRECOMPILE_PREFIX_HEADER = YES;
				GCC_PREFIX_HEADER = "Hello World/Hello World-Prefix.pch";
				GCC_PREPROCESSOR_DEFINITIONS = (
					"DEBUG=1",
					"$(inherited)",
				);
				INFOPLIST_FILE = "Hello WorldTests/Hello WorldTests-Info.plist";
				PRODUCT_NAME = "$(TARGET_NAME)";
				TEST_HOST = "$(BUNDLE_LOADER)";
				WRAPPER_EXTENSION = xctest;
			};
			name = Debug;
		};
		F9B0802F19146BAA00BEBA7B /* Release */ = {
			isa = XCBuildConfiguration;
			buildSettings = {
				BUNDLE_LOADER = "$(BUILT_PRODUCTS_DIR)/Hello World.app/Hello World";
				FRAMEWORK_SEARCH_PATHS = (
					"$(SDKROOT)/Developer/Library/Frameworks",
					"$(inherited)",
					"$(DEVELOPER_FRAMEWORKS_DIR)",
				);
				GCC_PRECOMPILE_PREFIX_HEADER = YES;
				GCC_PREFIX_HEADER = "Hello World/Hello World-Prefix.pch";
				INFOPLIST_FILE = "Hello WorldTests/Hello WorldTests-Info.plist";
				PRODUCT_NAME = "$(TARGET_NAME)";
				TEST_HOST = "$(BUNDLE_LOADER)";
				WRAPPER_EXTENSION = xctest;
			};
			name = Release;
		};
/* End XCBuildConfiguration section */

/* Begin XCConfigurationList section */
		F9B07FF919146BAA00BEBA7B /* Build configuration list for PBXProject "Hello World" */ = {
			isa = XCConfigurationList;
			buildConfigurations = (
				F9B0802819146BAA00BEBA7B /* Debug */,
				F9B0802919146BAA00BEBA7B /* Release */,
			);
			defaultConfigurationIsVisible = 0;
			defaultConfigurationName = Release;
		};
		F9B0802A19146BAA00BEBA7B /* Build configuration list for PBXNativeTarget "Hello World" */ = {
			isa = XCConfigurationList;
			buildConfigurations = (
				F9B0802B19146BAA00BEBA7B /* Debug */,
				F9B0802C19146BAA00BEBA7B /* Release */,
			);
			defaultConfigurationIsVisible = 0;
		};
		F9B0802D19146BAA00BEBA7B /* Build configuration list for PBXNativeTarget "Hello WorldTests" */ = {
			isa = XCConfigurationList;
			buildConfigurations = (
				F9B0802E19146BAA00BEBA7B /* Debug */,
				F9B0802F19146BAA00BEBA7B /* Release */,
			);
			defaultConfigurationIsVisible = 0;
		};
/* End XCConfigurationList section */
	};
	rootObject = F9B07FF619146BAA00BEBA7B /* Project object */;
}
